# This file was autogenerated by Stack.
# You should not edit this file by hand.
# For more information, please see the documentation at:
#   https://docs.haskellstack.org/en/stable/topics/lock_files

packages:
- completed:
    commit: ddec953443a6af839bcce2c29f7664ca40e6167c
    git: git@github.com:fmidue/IOTasks.git
    name: IOTasks
    pantry-tree:
      sha256: 44ca3cd95f616268a84e6aa2a4bb5467bed6083ec39828b90dee20d44bcedb8e
      size: 5463
    version: 2.3.0
  original:
    commit: ddec953443a6af839bcce2c29f7664ca40e6167c
    git: git@github.com:fmidue/IOTasks.git
- completed:
    commit: e1afab43d2e8bfa5e2006492ed34060036e7be51
    git: https://github.com/owestphal/type-match
    name: type-match
    pantry-tree:
      sha256: a906fb58c607447645a2c7d1a9a1fc6b66e4969647fd14b0edde9134bf06d0e2
      size: 409
    version: 0.1.1.0
  original:
    commit: e1afab43d2e8bfa5e2006492ed34060036e7be51
    git: https://github.com/owestphal/type-match
- completed:
    commit: 6368e451e45359563106da7e917f6594453c5161
    git: https://github.com/IagoAbal/haskell-z3
    name: z3
    pantry-tree:
      sha256: 51106b62ccb2758820db8e999ea63ebd2838b49376143cdfa6043a92eea6892d
      size: 2289
    version: '408.2'
  original:
    commit: 6368e451e45359563106da7e917f6594453c5161
    git: https://github.com/IagoAbal/haskell-z3
snapshots:
- completed:
    sha256: 28a863b358647f2d952fe7085ba11561aeb63eca6bc6fd1ce8fcf1cfe63717f5
    size: 719127
    url: https://raw.githubusercontent.com/commercialhaskell/stackage-snapshots/master/lts/22/24.yaml
  original:
    url: https://raw.githubusercontent.com/commercialhaskell/stackage-snapshots/master/lts/22/24.yaml
